// !$*UTF8*$!
{
	archiveVersion = 1;
	classes = {
	};
	objectVersion = 55;
	objects = {

/* Begin PBXBuildFile section */
		4C427C28283A98A9002B2E4F /* HomeTableViewController.swift in Sources */ = {isa = PBXBuildFile; fileRef = 4C427C27283A98A9002B2E4F /* HomeTableViewController.swift */; };
		4C427C2A283A994F002B2E4F /* Home.swift in Sources */ = {isa = PBXBuildFile; fileRef = 4C427C29283A994F002B2E4F /* Home.swift */; };
		4C427C2E283AA278002B2E4F /* ProfileViewController.swift in Sources */ = {isa = PBXBuildFile; fileRef = 4C427C2D283AA278002B2E4F /* ProfileViewController.swift */; };
		4C4B758F2840007300D3E9C4 /* HomeViewController.swift in Sources */ = {isa = PBXBuildFile; fileRef = 4C4B758E2840007300D3E9C4 /* HomeViewController.swift */; };
		4C6E35CB283A4767003D1D6B /* Tour.swift in Sources */ = {isa = PBXBuildFile; fileRef = 4C6E35CA283A4767003D1D6B /* Tour.swift */; };
		4C6E35CF283A48B6003D1D6B /* RatingControl.swift in Sources */ = {isa = PBXBuildFile; fileRef = 4C6E35CE283A48B6003D1D6B /* RatingControl.swift */; };
		4C6E35D1283A4986003D1D6B /* TourTableViewController.swift in Sources */ = {isa = PBXBuildFile; fileRef = 4C6E35D0283A4986003D1D6B /* TourTableViewController.swift */; };
		4C903F1A283E604600038A79 /* HomeCell.xib in Resources */ = {isa = PBXBuildFile; fileRef = 4C903F19283E604600038A79 /* HomeCell.xib */; };
		4C903F1C283E607000038A79 /* HomeCell.swift in Sources */ = {isa = PBXBuildFile; fileRef = 4C903F1B283E607000038A79 /* HomeCell.swift */; };
		4C903F20283E688E00038A79 /* TourCell.xib in Resources */ = {isa = PBXBuildFile; fileRef = 4C903F1F283E688E00038A79 /* TourCell.xib */; };
		4C903F22283E6CCC00038A79 /* TourCell.swift in Sources */ = {isa = PBXBuildFile; fileRef = 4C903F21283E6CCC00038A79 /* TourCell.swift */; };
		4C90A454283CDA410058DA71 /* SearchViewController.swift in Sources */ = {isa = PBXBuildFile; fileRef = 4C90A453283CDA410058DA71 /* SearchViewController.swift */; };
		4CE9E48D283BCFCF00895909 /* SideMenuViewController.swift in Sources */ = {isa = PBXBuildFile; fileRef = 4CE9E48C283BCFCF00895909 /* SideMenuViewController.swift */; };
		4CE9E48F283BCFE200895909 /* MainViewController.swift in Sources */ = {isa = PBXBuildFile; fileRef = 4CE9E48E283BCFE200895909 /* MainViewController.swift */; };
		4CE9E491283BD1B900895909 /* SideMenuModel.swift in Sources */ = {isa = PBXBuildFile; fileRef = 4CE9E490283BD1B900895909 /* SideMenuModel.swift */; };
		4CE9E497283BD29700895909 /* SideMenuCell.swift in Sources */ = {isa = PBXBuildFile; fileRef = 4CE9E496283BD29700895909 /* SideMenuCell.swift */; };
		4CE9E499283BD33700895909 /* SideMenuCell.xib in Resources */ = {isa = PBXBuildFile; fileRef = 4CE9E498283BD33700895909 /* SideMenuCell.xib */; };
		DF422D3F283D0050001F2EBA /* ReviewTableViewCell.swift in Sources */ = {isa = PBXBuildFile; fileRef = DF422D3E283D0050001F2EBA /* ReviewTableViewCell.swift */; };
		DF422D41283D0074001F2EBA /* ReviewTableViewController.swift in Sources */ = {isa = PBXBuildFile; fileRef = DF422D40283D0074001F2EBA /* ReviewTableViewController.swift */; };
		DF422D43283D00A1001F2EBA /* Review.swift in Sources */ = {isa = PBXBuildFile; fileRef = DF422D42283D00A1001F2EBA /* Review.swift */; };
		DF422D45283D025F001F2EBA /* AddScheduleViewController.swift in Sources */ = {isa = PBXBuildFile; fileRef = DF422D44283D025F001F2EBA /* AddScheduleViewController.swift */; };
		DF422D47283D030E001F2EBA /* ReviewViewController.swift in Sources */ = {isa = PBXBuildFile; fileRef = DF422D46283D030E001F2EBA /* ReviewViewController.swift */; };
		DFFCB6BA2839E62F00B58DEA /* AppDelegate.swift in Sources */ = {isa = PBXBuildFile; fileRef = DFFCB6B92839E62F00B58DEA /* AppDelegate.swift */; };
		DFFCB6BC2839E62F00B58DEA /* SceneDelegate.swift in Sources */ = {isa = PBXBuildFile; fileRef = DFFCB6BB2839E62F00B58DEA /* SceneDelegate.swift */; };
		DFFCB6C12839E62F00B58DEA /* Main.storyboard in Resources */ = {isa = PBXBuildFile; fileRef = DFFCB6BF2839E62F00B58DEA /* Main.storyboard */; };
		DFFCB6C32839E63000B58DEA /* Assets.xcassets in Resources */ = {isa = PBXBuildFile; fileRef = DFFCB6C22839E63000B58DEA /* Assets.xcassets */; };
		DFFCB6C62839E63000B58DEA /* LaunchScreen.storyboard in Resources */ = {isa = PBXBuildFile; fileRef = DFFCB6C42839E63000B58DEA /* LaunchScreen.storyboard */; };
		DFFCB6D12839E63000B58DEA /* TourGuideTests.swift in Sources */ = {isa = PBXBuildFile; fileRef = DFFCB6D02839E63000B58DEA /* TourGuideTests.swift */; };
		DFFCB6DB2839E63000B58DEA /* TourGuideUITests.swift in Sources */ = {isa = PBXBuildFile; fileRef = DFFCB6DA2839E63000B58DEA /* TourGuideUITests.swift */; };
		DFFCB6DD2839E63000B58DEA /* TourGuideUITestsLaunchTests.swift in Sources */ = {isa = PBXBuildFile; fileRef = DFFCB6DC2839E63000B58DEA /* TourGuideUITestsLaunchTests.swift */; };
/* End PBXBuildFile section */

/* Begin PBXContainerItemProxy section */
		DFFCB6CD2839E63000B58DEA /* PBXContainerItemProxy */ = {
			isa = PBXContainerItemProxy;
			containerPortal = DFFCB6AE2839E62F00B58DEA /* Project object */;
			proxyType = 1;
			remoteGlobalIDString = DFFCB6B52839E62F00B58DEA;
			remoteInfo = TourGuide;
		};
		DFFCB6D72839E63000B58DEA /* PBXContainerItemProxy */ = {
			isa = PBXContainerItemProxy;
			containerPortal = DFFCB6AE2839E62F00B58DEA /* Project object */;
			proxyType = 1;
			remoteGlobalIDString = DFFCB6B52839E62F00B58DEA;
			remoteInfo = TourGuide;
		};
/* End PBXContainerItemProxy section */

/* Begin PBXFileReference section */
		4C427C27283A98A9002B2E4F /* HomeTableViewController.swift */ = {isa = PBXFileReference; lastKnownFileType = sourcecode.swift; path = HomeTableViewController.swift; sourceTree = "<group>"; };
		4C427C29283A994F002B2E4F /* Home.swift */ = {isa = PBXFileReference; lastKnownFileType = sourcecode.swift; path = Home.swift; sourceTree = "<group>"; };
		4C427C2D283AA278002B2E4F /* ProfileViewController.swift */ = {isa = PBXFileReference; lastKnownFileType = sourcecode.swift; path = ProfileViewController.swift; sourceTree = "<group>"; };
		4C4B758E2840007300D3E9C4 /* HomeViewController.swift */ = {isa = PBXFileReference; lastKnownFileType = sourcecode.swift; path = HomeViewController.swift; sourceTree = "<group>"; };
		4C6E35CA283A4767003D1D6B /* Tour.swift */ = {isa = PBXFileReference; lastKnownFileType = sourcecode.swift; path = Tour.swift; sourceTree = "<group>"; };
		4C6E35CE283A48B6003D1D6B /* RatingControl.swift */ = {isa = PBXFileReference; lastKnownFileType = sourcecode.swift; path = RatingControl.swift; sourceTree = "<group>"; };
		4C6E35D0283A4986003D1D6B /* TourTableViewController.swift */ = {isa = PBXFileReference; lastKnownFileType = sourcecode.swift; path = TourTableViewController.swift; sourceTree = "<group>"; };
		4C903F19283E604600038A79 /* HomeCell.xib */ = {isa = PBXFileReference; lastKnownFileType = file.xib; path = HomeCell.xib; sourceTree = "<group>"; };
		4C903F1B283E607000038A79 /* HomeCell.swift */ = {isa = PBXFileReference; lastKnownFileType = sourcecode.swift; path = HomeCell.swift; sourceTree = "<group>"; };
		4C903F1F283E688E00038A79 /* TourCell.xib */ = {isa = PBXFileReference; lastKnownFileType = file.xib; path = TourCell.xib; sourceTree = "<group>"; };
		4C903F21283E6CCC00038A79 /* TourCell.swift */ = {isa = PBXFileReference; lastKnownFileType = sourcecode.swift; path = TourCell.swift; sourceTree = "<group>"; };
		4C90A453283CDA410058DA71 /* SearchViewController.swift */ = {isa = PBXFileReference; lastKnownFileType = sourcecode.swift; path = SearchViewController.swift; sourceTree = "<group>"; };
		4CE9E48C283BCFCF00895909 /* SideMenuViewController.swift */ = {isa = PBXFileReference; lastKnownFileType = sourcecode.swift; path = SideMenuViewController.swift; sourceTree = "<group>"; };
		4CE9E48E283BCFE200895909 /* MainViewController.swift */ = {isa = PBXFileReference; lastKnownFileType = sourcecode.swift; path = MainViewController.swift; sourceTree = "<group>"; };
		4CE9E490283BD1B900895909 /* SideMenuModel.swift */ = {isa = PBXFileReference; lastKnownFileType = sourcecode.swift; path = SideMenuModel.swift; sourceTree = "<group>"; };
		4CE9E496283BD29700895909 /* SideMenuCell.swift */ = {isa = PBXFileReference; lastKnownFileType = sourcecode.swift; path = SideMenuCell.swift; sourceTree = "<group>"; };
		4CE9E498283BD33700895909 /* SideMenuCell.xib */ = {isa = PBXFileReference; lastKnownFileType = file.xib; path = SideMenuCell.xib; sourceTree = "<group>"; };
		DF422D3E283D0050001F2EBA /* ReviewTableViewCell.swift */ = {isa = PBXFileReference; lastKnownFileType = sourcecode.swift; path = ReviewTableViewCell.swift; sourceTree = "<group>"; };
		DF422D40283D0074001F2EBA /* ReviewTableViewController.swift */ = {isa = PBXFileReference; lastKnownFileType = sourcecode.swift; path = ReviewTableViewController.swift; sourceTree = "<group>"; };
		DF422D42283D00A1001F2EBA /* Review.swift */ = {isa = PBXFileReference; lastKnownFileType = sourcecode.swift; path = Review.swift; sourceTree = "<group>"; };
		DF422D44283D025F001F2EBA /* AddScheduleViewController.swift */ = {isa = PBXFileReference; lastKnownFileType = sourcecode.swift; path = AddScheduleViewController.swift; sourceTree = "<group>"; };
		DF422D46283D030E001F2EBA /* ReviewViewController.swift */ = {isa = PBXFileReference; lastKnownFileType = sourcecode.swift; path = ReviewViewController.swift; sourceTree = "<group>"; };
		DFFCB6B62839E62F00B58DEA /* TourGuide.app */ = {isa = PBXFileReference; explicitFileType = wrapper.application; includeInIndex = 0; path = TourGuide.app; sourceTree = BUILT_PRODUCTS_DIR; };
		DFFCB6B92839E62F00B58DEA /* AppDelegate.swift */ = {isa = PBXFileReference; lastKnownFileType = sourcecode.swift; path = AppDelegate.swift; sourceTree = "<group>"; };
		DFFCB6BB2839E62F00B58DEA /* SceneDelegate.swift */ = {isa = PBXFileReference; lastKnownFileType = sourcecode.swift; path = SceneDelegate.swift; sourceTree = "<group>"; };
		DFFCB6C02839E62F00B58DEA /* Base */ = {isa = PBXFileReference; lastKnownFileType = file.storyboard; name = Base; path = Base.lproj/Main.storyboard; sourceTree = "<group>"; };
		DFFCB6C22839E63000B58DEA /* Assets.xcassets */ = {isa = PBXFileReference; lastKnownFileType = folder.assetcatalog; path = Assets.xcassets; sourceTree = "<group>"; };
		DFFCB6C52839E63000B58DEA /* Base */ = {isa = PBXFileReference; lastKnownFileType = file.storyboard; name = Base; path = Base.lproj/LaunchScreen.storyboard; sourceTree = "<group>"; };
		DFFCB6C72839E63000B58DEA /* Info.plist */ = {isa = PBXFileReference; lastKnownFileType = text.plist.xml; path = Info.plist; sourceTree = "<group>"; };
		DFFCB6CC2839E63000B58DEA /* TourGuideTests.xctest */ = {isa = PBXFileReference; explicitFileType = wrapper.cfbundle; includeInIndex = 0; path = TourGuideTests.xctest; sourceTree = BUILT_PRODUCTS_DIR; };
		DFFCB6D02839E63000B58DEA /* TourGuideTests.swift */ = {isa = PBXFileReference; lastKnownFileType = sourcecode.swift; path = TourGuideTests.swift; sourceTree = "<group>"; };
		DFFCB6D62839E63000B58DEA /* TourGuideUITests.xctest */ = {isa = PBXFileReference; explicitFileType = wrapper.cfbundle; includeInIndex = 0; path = TourGuideUITests.xctest; sourceTree = BUILT_PRODUCTS_DIR; };
		DFFCB6DA2839E63000B58DEA /* TourGuideUITests.swift */ = {isa = PBXFileReference; lastKnownFileType = sourcecode.swift; path = TourGuideUITests.swift; sourceTree = "<group>"; };
		DFFCB6DC2839E63000B58DEA /* TourGuideUITestsLaunchTests.swift */ = {isa = PBXFileReference; lastKnownFileType = sourcecode.swift; path = TourGuideUITestsLaunchTests.swift; sourceTree = "<group>"; };
/* End PBXFileReference section */

/* Begin PBXFrameworksBuildPhase section */
		DFFCB6B32839E62F00B58DEA /* Frameworks */ = {
			isa = PBXFrameworksBuildPhase;
			buildActionMask = 2147483647;
			files = (
			);
			runOnlyForDeploymentPostprocessing = 0;
		};
		DFFCB6C92839E63000B58DEA /* Frameworks */ = {
			isa = PBXFrameworksBuildPhase;
			buildActionMask = 2147483647;
			files = (
			);
			runOnlyForDeploymentPostprocessing = 0;
		};
		DFFCB6D32839E63000B58DEA /* Frameworks */ = {
			isa = PBXFrameworksBuildPhase;
			buildActionMask = 2147483647;
			files = (
			);
			runOnlyForDeploymentPostprocessing = 0;
		};
/* End PBXFrameworksBuildPhase section */

/* Begin PBXGroup section */
		4C6E35C9283A474E003D1D6B /* DataModels */ = {
			isa = PBXGroup;
			children = (
				4CE9E490283BD1B900895909 /* SideMenuModel.swift */,
				4C6E35CA283A4767003D1D6B /* Tour.swift */,
				4C427C29283A994F002B2E4F /* Home.swift */,
				DF422D42283D00A1001F2EBA /* Review.swift */,
			);
			name = DataModels;
			sourceTree = "<group>";
		};
		4CE9E493283BD1FF00895909 /* Cell */ = {
			isa = PBXGroup;
			children = (
				4CE9E498283BD33700895909 /* SideMenuCell.xib */,
				4C903F19283E604600038A79 /* HomeCell.xib */,
				4C903F1F283E688E00038A79 /* TourCell.xib */,
			);
			path = Cell;
			sourceTree = "<group>";
		};
		DF422D3C283D0024001F2EBA /* Controls */ = {
			isa = PBXGroup;
			children = (
				4C6E35CE283A48B6003D1D6B /* RatingControl.swift */,
			);
			name = Controls;
			sourceTree = "<group>";
		};
		DF422D3D283D0035001F2EBA /* CustomCells */ = {
			isa = PBXGroup;
			children = (
				4CE9E493283BD1FF00895909 /* Cell */,
				DF422D3E283D0050001F2EBA /* ReviewTableViewCell.swift */,
				4C903F21283E6CCC00038A79 /* TourCell.swift */,
				4C903F1B283E607000038A79 /* HomeCell.swift */,
				4CE9E496283BD29700895909 /* SideMenuCell.swift */,
			);
			name = CustomCells;
			sourceTree = "<group>";
		};
		DFFCB6AD2839E62F00B58DEA = {
			isa = PBXGroup;
			children = (
				DFFCB6B82839E62F00B58DEA /* TourGuide */,
				DFFCB6CF2839E63000B58DEA /* TourGuideTests */,
				DFFCB6D92839E63000B58DEA /* TourGuideUITests */,
				DFFCB6B72839E62F00B58DEA /* Products */,
			);
			sourceTree = "<group>";
		};
		DFFCB6B72839E62F00B58DEA /* Products */ = {
			isa = PBXGroup;
			children = (
				DFFCB6B62839E62F00B58DEA /* TourGuide.app */,
				DFFCB6CC2839E63000B58DEA /* TourGuideTests.xctest */,
				DFFCB6D62839E63000B58DEA /* TourGuideUITests.xctest */,
			);
			name = Products;
			sourceTree = "<group>";
		};
		DFFCB6B82839E62F00B58DEA /* TourGuide */ = {
			isa = PBXGroup;
			children = (
				4C427C27283A98A9002B2E4F /* HomeTableViewController.swift */,
				DF422D44283D025F001F2EBA /* AddScheduleViewController.swift */,
				DF422D40283D0074001F2EBA /* ReviewTableViewController.swift */,
				4CE9E48C283BCFCF00895909 /* SideMenuViewController.swift */,
				4C6E35D0283A4986003D1D6B /* TourTableViewController.swift */,
				4C4B758E2840007300D3E9C4 /* HomeViewController.swift */,
				DF422D46283D030E001F2EBA /* ReviewViewController.swift */,
				4C90A453283CDA410058DA71 /* SearchViewController.swift */,
				4C427C2D283AA278002B2E4F /* ProfileViewController.swift */,
				4CE9E48E283BCFE200895909 /* MainViewController.swift */,
				DFFCB6BF2839E62F00B58DEA /* Main.storyboard */,
				DF422D3D283D0035001F2EBA /* CustomCells */,
				DF422D3C283D0024001F2EBA /* Controls */,
				4C6E35C9283A474E003D1D6B /* DataModels */,
				DFFCB6E92839E65400B58DEA /* SystemFiles */,
			);
			path = TourGuide;
			sourceTree = "<group>";
		};
		DFFCB6CF2839E63000B58DEA /* TourGuideTests */ = {
			isa = PBXGroup;
			children = (
				DFFCB6D02839E63000B58DEA /* TourGuideTests.swift */,
			);
			path = TourGuideTests;
			sourceTree = "<group>";
		};
		DFFCB6D92839E63000B58DEA /* TourGuideUITests */ = {
			isa = PBXGroup;
			children = (
				DFFCB6DA2839E63000B58DEA /* TourGuideUITests.swift */,
				DFFCB6DC2839E63000B58DEA /* TourGuideUITestsLaunchTests.swift */,
			);
			path = TourGuideUITests;
			sourceTree = "<group>";
		};
		DFFCB6E92839E65400B58DEA /* SystemFiles */ = {
			isa = PBXGroup;
			children = (
				DFFCB6BB2839E62F00B58DEA /* SceneDelegate.swift */,
				DFFCB6B92839E62F00B58DEA /* AppDelegate.swift */,
				DFFCB6C22839E63000B58DEA /* Assets.xcassets */,
				DFFCB6C72839E63000B58DEA /* Info.plist */,
				DFFCB6C42839E63000B58DEA /* LaunchScreen.storyboard */,
			);
			name = SystemFiles;
			sourceTree = "<group>";
		};
/* End PBXGroup section */

/* Begin PBXNativeTarget section */
		DFFCB6B52839E62F00B58DEA /* TourGuide */ = {
			isa = PBXNativeTarget;
			buildConfigurationList = DFFCB6E02839E63000B58DEA /* Build configuration list for PBXNativeTarget "TourGuide" */;
			buildPhases = (
				DFFCB6B22839E62F00B58DEA /* Sources */,
				DFFCB6B32839E62F00B58DEA /* Frameworks */,
				DFFCB6B42839E62F00B58DEA /* Resources */,
			);
			buildRules = (
			);
			dependencies = (
			);
			name = TourGuide;
			productName = TourGuide;
			productReference = DFFCB6B62839E62F00B58DEA /* TourGuide.app */;
			productType = "com.apple.product-type.application";
		};
		DFFCB6CB2839E63000B58DEA /* TourGuideTests */ = {
			isa = PBXNativeTarget;
			buildConfigurationList = DFFCB6E32839E63000B58DEA /* Build configuration list for PBXNativeTarget "TourGuideTests" */;
			buildPhases = (
				DFFCB6C82839E63000B58DEA /* Sources */,
				DFFCB6C92839E63000B58DEA /* Frameworks */,
				DFFCB6CA2839E63000B58DEA /* Resources */,
			);
			buildRules = (
			);
			dependencies = (
				DFFCB6CE2839E63000B58DEA /* PBXTargetDependency */,
			);
			name = TourGuideTests;
			productName = TourGuideTests;
			productReference = DFFCB6CC2839E63000B58DEA /* TourGuideTests.xctest */;
			productType = "com.apple.product-type.bundle.unit-test";
		};
		DFFCB6D52839E63000B58DEA /* TourGuideUITests */ = {
			isa = PBXNativeTarget;
			buildConfigurationList = DFFCB6E62839E63000B58DEA /* Build configuration list for PBXNativeTarget "TourGuideUITests" */;
			buildPhases = (
				DFFCB6D22839E63000B58DEA /* Sources */,
				DFFCB6D32839E63000B58DEA /* Frameworks */,
				DFFCB6D42839E63000B58DEA /* Resources */,
			);
			buildRules = (
			);
			dependencies = (
				DFFCB6D82839E63000B58DEA /* PBXTargetDependency */,
			);
			name = TourGuideUITests;
			productName = TourGuideUITests;
			productReference = DFFCB6D62839E63000B58DEA /* TourGuideUITests.xctest */;
			productType = "com.apple.product-type.bundle.ui-testing";
		};
/* End PBXNativeTarget section */

/* Begin PBXProject section */
		DFFCB6AE2839E62F00B58DEA /* Project object */ = {
			isa = PBXProject;
			attributes = {
				BuildIndependentTargetsInParallel = 1;
				LastSwiftUpdateCheck = 1340;
				LastUpgradeCheck = 1340;
				TargetAttributes = {
					DFFCB6B52839E62F00B58DEA = {
						CreatedOnToolsVersion = 13.4;
					};
					DFFCB6CB2839E63000B58DEA = {
						CreatedOnToolsVersion = 13.4;
						TestTargetID = DFFCB6B52839E62F00B58DEA;
					};
					DFFCB6D52839E63000B58DEA = {
						CreatedOnToolsVersion = 13.4;
						TestTargetID = DFFCB6B52839E62F00B58DEA;
					};
				};
			};
			buildConfigurationList = DFFCB6B12839E62F00B58DEA /* Build configuration list for PBXProject "TourGuide" */;
			compatibilityVersion = "Xcode 13.0";
			developmentRegion = en;
			hasScannedForEncodings = 0;
			knownRegions = (
				en,
				Base,
			);
			mainGroup = DFFCB6AD2839E62F00B58DEA;
			productRefGroup = DFFCB6B72839E62F00B58DEA /* Products */;
			projectDirPath = "";
			projectRoot = "";
			targets = (
				DFFCB6B52839E62F00B58DEA /* TourGuide */,
				DFFCB6CB2839E63000B58DEA /* TourGuideTests */,
				DFFCB6D52839E63000B58DEA /* TourGuideUITests */,
			);
		};
/* End PBXProject section */

/* Begin PBXResourcesBuildPhase section */
		DFFCB6B42839E62F00B58DEA /* Resources */ = {
			isa = PBXResourcesBuildPhase;
			buildActionMask = 2147483647;
			files = (
				DFFCB6C62839E63000B58DEA /* LaunchScreen.storyboard in Resources */,
				DFFCB6C32839E63000B58DEA /* Assets.xcassets in Resources */,
				DFFCB6C12839E62F00B58DEA /* Main.storyboard in Resources */,
				4CE9E499283BD33700895909 /* SideMenuCell.xib in Resources */,
				4C903F1A283E604600038A79 /* HomeCell.xib in Resources */,
				4C903F20283E688E00038A79 /* TourCell.xib in Resources */,
			);
			runOnlyForDeploymentPostprocessing = 0;
		};
		DFFCB6CA2839E63000B58DEA /* Resources */ = {
			isa = PBXResourcesBuildPhase;
			buildActionMask = 2147483647;
			files = (
			);
			runOnlyForDeploymentPostprocessing = 0;
		};
		DFFCB6D42839E63000B58DEA /* Resources */ = {
			isa = PBXResourcesBuildPhase;
			buildActionMask = 2147483647;
			files = (
			);
			runOnlyForDeploymentPostprocessing = 0;
		};
/* End PBXResourcesBuildPhase section */

/* Begin PBXSourcesBuildPhase section */
		DFFCB6B22839E62F00B58DEA /* Sources */ = {
			isa = PBXSourcesBuildPhase;
			buildActionMask = 2147483647;
			files = (
				4C427C28283A98A9002B2E4F /* HomeTableViewController.swift in Sources */,
				4C903F1C283E607000038A79 /* HomeCell.swift in Sources */,
				4CE9E497283BD29700895909 /* SideMenuCell.swift in Sources */,
				DF422D47283D030E001F2EBA /* ReviewViewController.swift in Sources */,
				4CE9E48F283BCFE200895909 /* MainViewController.swift in Sources */,
				4C4B758F2840007300D3E9C4 /* HomeViewController.swift in Sources */,
				4C903F22283E6CCC00038A79 /* TourCell.swift in Sources */,
				DF422D41283D0074001F2EBA /* ReviewTableViewController.swift in Sources */,
				DFFCB6BA2839E62F00B58DEA /* AppDelegate.swift in Sources */,
				DFFCB6BC2839E62F00B58DEA /* SceneDelegate.swift in Sources */,
				4CE9E48D283BCFCF00895909 /* SideMenuViewController.swift in Sources */,
				DF422D45283D025F001F2EBA /* AddScheduleViewController.swift in Sources */,
				4C427C2A283A994F002B2E4F /* Home.swift in Sources */,
				DF422D3F283D0050001F2EBA /* ReviewTableViewCell.swift in Sources */,
				4C6E35CB283A4767003D1D6B /* Tour.swift in Sources */,
				4C427C2E283AA278002B2E4F /* ProfileViewController.swift in Sources */,
				4C90A454283CDA410058DA71 /* SearchViewController.swift in Sources */,
				4C6E35CF283A48B6003D1D6B /* RatingControl.swift in Sources */,
				DF422D43283D00A1001F2EBA /* Review.swift in Sources */,
				4C6E35D1283A4986003D1D6B /* TourTableViewController.swift in Sources */,
				4CE9E491283BD1B900895909 /* SideMenuModel.swift in Sources */,
			);
			runOnlyForDeploymentPostprocessing = 0;
		};
		DFFCB6C82839E63000B58DEA /* Sources */ = {
			isa = PBXSourcesBuildPhase;
			buildActionMask = 2147483647;
			files = (
				DFFCB6D12839E63000B58DEA /* TourGuideTests.swift in Sources */,
			);
			runOnlyForDeploymentPostprocessing = 0;
		};
		DFFCB6D22839E63000B58DEA /* Sources */ = {
			isa = PBXSourcesBuildPhase;
			buildActionMask = 2147483647;
			files = (
				DFFCB6DB2839E63000B58DEA /* TourGuideUITests.swift in Sources */,
				DFFCB6DD2839E63000B58DEA /* TourGuideUITestsLaunchTests.swift in Sources */,
			);
			runOnlyForDeploymentPostprocessing = 0;
		};
/* End PBXSourcesBuildPhase section */

/* Begin PBXTargetDependency section */
		DFFCB6CE2839E63000B58DEA /* PBXTargetDependency */ = {
			isa = PBXTargetDependency;
			target = DFFCB6B52839E62F00B58DEA /* TourGuide */;
			targetProxy = DFFCB6CD2839E63000B58DEA /* PBXContainerItemProxy */;
		};
		DFFCB6D82839E63000B58DEA /* PBXTargetDependency */ = {
			isa = PBXTargetDependency;
			target = DFFCB6B52839E62F00B58DEA /* TourGuide */;
			targetProxy = DFFCB6D72839E63000B58DEA /* PBXContainerItemProxy */;
		};
/* End PBXTargetDependency section */

/* Begin PBXVariantGroup section */
		DFFCB6BF2839E62F00B58DEA /* Main.storyboard */ = {
			isa = PBXVariantGroup;
			children = (
				DFFCB6C02839E62F00B58DEA /* Base */,
			);
			name = Main.storyboard;
			sourceTree = "<group>";
		};
		DFFCB6C42839E63000B58DEA /* LaunchScreen.storyboard */ = {
			isa = PBXVariantGroup;
			children = (
				DFFCB6C52839E63000B58DEA /* Base */,
			);
			name = LaunchScreen.storyboard;
			sourceTree = "<group>";
		};
/* End PBXVariantGroup section */

/* Begin XCBuildConfiguration section */
		DFFCB6DE2839E63000B58DEA /* Debug */ = {
			isa = XCBuildConfiguration;
			buildSettings = {
				ALWAYS_SEARCH_USER_PATHS = NO;
				CLANG_ANALYZER_NONNULL = YES;
				CLANG_ANALYZER_NUMBER_OBJECT_CONVERSION = YES_AGGRESSIVE;
				CLANG_CXX_LANGUAGE_STANDARD = "gnu++17";
				CLANG_ENABLE_MODULES = YES;
				CLANG_ENABLE_OBJC_ARC = YES;
				CLANG_ENABLE_OBJC_WEAK = YES;
				CLANG_WARN_BLOCK_CAPTURE_AUTORELEASING = YES;
				CLANG_WARN_BOOL_CONVERSION = YES;
				CLANG_WARN_COMMA = YES;
				CLANG_WARN_CONSTANT_CONVERSION = YES;
				CLANG_WARN_DEPRECATED_OBJC_IMPLEMENTATIONS = YES;
				CLANG_WARN_DIRECT_OBJC_ISA_USAGE = YES_ERROR;
				CLANG_WARN_DOCUMENTATION_COMMENTS = YES;
				CLANG_WARN_EMPTY_BODY = YES;
				CLANG_WARN_ENUM_CONVERSION = YES;
				CLANG_WARN_INFINITE_RECURSION = YES;
				CLANG_WARN_INT_CONVERSION = YES;
				CLANG_WARN_NON_LITERAL_NULL_CONVERSION = YES;
				CLANG_WARN_OBJC_IMPLICIT_RETAIN_SELF = YES;
				CLANG_WARN_OBJC_LITERAL_CONVERSION = YES;
				CLANG_WARN_OBJC_ROOT_CLASS = YES_ERROR;
				CLANG_WARN_QUOTED_INCLUDE_IN_FRAMEWORK_HEADER = YES;
				CLANG_WARN_RANGE_LOOP_ANALYSIS = YES;
				CLANG_WARN_STRICT_PROTOTYPES = YES;
				CLANG_WARN_SUSPICIOUS_MOVE = YES;
				CLANG_WARN_UNGUARDED_AVAILABILITY = YES_AGGRESSIVE;
				CLANG_WARN_UNREACHABLE_CODE = YES;
				CLANG_WARN__DUPLICATE_METHOD_MATCH = YES;
				COPY_PHASE_STRIP = NO;
				DEBUG_INFORMATION_FORMAT = dwarf;
				ENABLE_STRICT_OBJC_MSGSEND = YES;
				ENABLE_TESTABILITY = YES;
				GCC_C_LANGUAGE_STANDARD = gnu11;
				GCC_DYNAMIC_NO_PIC = NO;
				GCC_NO_COMMON_BLOCKS = YES;
				GCC_OPTIMIZATION_LEVEL = 0;
				GCC_PREPROCESSOR_DEFINITIONS = (
					"DEBUG=1",
					"$(inherited)",
				);
				GCC_WARN_64_TO_32_BIT_CONVERSION = YES;
				GCC_WARN_ABOUT_RETURN_TYPE = YES_ERROR;
				GCC_WARN_UNDECLARED_SELECTOR = YES;
				GCC_WARN_UNINITIALIZED_AUTOS = YES_AGGRESSIVE;
				GCC_WARN_UNUSED_FUNCTION = YES;
				GCC_WARN_UNUSED_VARIABLE = YES;
				IPHONEOS_DEPLOYMENT_TARGET = 15.5;
				MTL_ENABLE_DEBUG_INFO = INCLUDE_SOURCE;
				MTL_FAST_MATH = YES;
				ONLY_ACTIVE_ARCH = YES;
				SDKROOT = iphoneos;
				SWIFT_ACTIVE_COMPILATION_CONDITIONS = DEBUG;
				SWIFT_OPTIMIZATION_LEVEL = "-Onone";
			};
			name = Debug;
		};
		DFFCB6DF2839E63000B58DEA /* Release */ = {
			isa = XCBuildConfiguration;
			buildSettings = {
				ALWAYS_SEARCH_USER_PATHS = NO;
				CLANG_ANALYZER_NONNULL = YES;
				CLANG_ANALYZER_NUMBER_OBJECT_CONVERSION = YES_AGGRESSIVE;
				CLANG_CXX_LANGUAGE_STANDARD = "gnu++17";
				CLANG_ENABLE_MODULES = YES;
				CLANG_ENABLE_OBJC_ARC = YES;
				CLANG_ENABLE_OBJC_WEAK = YES;
				CLANG_WARN_BLOCK_CAPTURE_AUTORELEASING = YES;
				CLANG_WARN_BOOL_CONVERSION = YES;
				CLANG_WARN_COMMA = YES;
				CLANG_WARN_CONSTANT_CONVERSION = YES;
				CLANG_WARN_DEPRECATED_OBJC_IMPLEMENTATIONS = YES;
				CLANG_WARN_DIRECT_OBJC_ISA_USAGE = YES_ERROR;
				CLANG_WARN_DOCUMENTATION_COMMENTS = YES;
				CLANG_WARN_EMPTY_BODY = YES;
				CLANG_WARN_ENUM_CONVERSION = YES;
				CLANG_WARN_INFINITE_RECURSION = YES;
				CLANG_WARN_INT_CONVERSION = YES;
				CLANG_WARN_NON_LITERAL_NULL_CONVERSION = YES;
				CLANG_WARN_OBJC_IMPLICIT_RETAIN_SELF = YES;
				CLANG_WARN_OBJC_LITERAL_CONVERSION = YES;
				CLANG_WARN_OBJC_ROOT_CLASS = YES_ERROR;
				CLANG_WARN_QUOTED_INCLUDE_IN_FRAMEWORK_HEADER = YES;
				CLANG_WARN_RANGE_LOOP_ANALYSIS = YES;
				CLANG_WARN_STRICT_PROTOTYPES = YES;
				CLANG_WARN_SUSPICIOUS_MOVE = YES;
				CLANG_WARN_UNGUARDED_AVAILABILITY = YES_AGGRESSIVE;
				CLANG_WARN_UNREACHABLE_CODE = YES;
				CLANG_WARN__DUPLICATE_METHOD_MATCH = YES;
				COPY_PHASE_STRIP = NO;
				DEBUG_INFORMATION_FORMAT = "dwarf-with-dsym";
				ENABLE_NS_ASSERTIONS = NO;
				ENABLE_STRICT_OBJC_MSGSEND = YES;
				GCC_C_LANGUAGE_STANDARD = gnu11;
				GCC_NO_COMMON_BLOCKS = YES;
				GCC_WARN_64_TO_32_BIT_CONVERSION = YES;
				GCC_WARN_ABOUT_RETURN_TYPE = YES_ERROR;
				GCC_WARN_UNDECLARED_SELECTOR = YES;
				GCC_WARN_UNINITIALIZED_AUTOS = YES_AGGRESSIVE;
				GCC_WARN_UNUSED_FUNCTION = YES;
				GCC_WARN_UNUSED_VARIABLE = YES;
				IPHONEOS_DEPLOYMENT_TARGET = 15.5;
				MTL_ENABLE_DEBUG_INFO = NO;
				MTL_FAST_MATH = YES;
				SDKROOT = iphoneos;
				SWIFT_COMPILATION_MODE = wholemodule;
				SWIFT_OPTIMIZATION_LEVEL = "-O";
				VALIDATE_PRODUCT = YES;
			};
			name = Release;
		};
		DFFCB6E12839E63000B58DEA /* Debug */ = {
			isa = XCBuildConfiguration;
			buildSettings = {
				ASSETCATALOG_COMPILER_APPICON_NAME = AppIcon;
				ASSETCATALOG_COMPILER_GLOBAL_ACCENT_COLOR_NAME = AccentColor;
				CODE_SIGN_STYLE = Automatic;
				CURRENT_PROJECT_VERSION = 1;
				GENERATE_INFOPLIST_FILE = YES;
				INFOPLIST_FILE = TourGuide/Info.plist;
				INFOPLIST_KEY_UIApplicationSupportsIndirectInputEvents = YES;
				INFOPLIST_KEY_UILaunchStoryboardName = LaunchScreen;
				INFOPLIST_KEY_UIMainStoryboardFile = Main;
				INFOPLIST_KEY_UISupportedInterfaceOrientations_iPad = "UIInterfaceOrientationPortrait UIInterfaceOrientationPortraitUpsideDown UIInterfaceOrientationLandscapeLeft UIInterfaceOrientationLandscapeRight";
				INFOPLIST_KEY_UISupportedInterfaceOrientations_iPhone = "UIInterfaceOrientationPortrait UIInterfaceOrientationLandscapeLeft UIInterfaceOrientationLandscapeRight";
				LD_RUNPATH_SEARCH_PATHS = (
					"$(inherited)",
					"@executable_path/Frameworks",
				);
				MARKETING_VERSION = 1.0;
				PRODUCT_BUNDLE_IDENTIFIER = vn.tdc.edu.TourGuide;
				PRODUCT_NAME = "$(TARGET_NAME)";
				SWIFT_EMIT_LOC_STRINGS = YES;
				SWIFT_VERSION = 5.0;
				TARGETED_DEVICE_FAMILY = "1,2";
			};
			name = Debug;
		};
		DFFCB6E22839E63000B58DEA /* Release */ = {
			isa = XCBuildConfiguration;
			buildSettings = {
				ASSETCATALOG_COMPILER_APPICON_NAME = AppIcon;
				ASSETCATALOG_COMPILER_GLOBAL_ACCENT_COLOR_NAME = AccentColor;
				CODE_SIGN_STYLE = Automatic;
				CURRENT_PROJECT_VERSION = 1;
				GENERATE_INFOPLIST_FILE = YES;
				INFOPLIST_FILE = TourGuide/Info.plist;
				INFOPLIST_KEY_UIApplicationSupportsIndirectInputEvents = YES;
				INFOPLIST_KEY_UILaunchStoryboardName = LaunchScreen;
				INFOPLIST_KEY_UIMainStoryboardFile = Main;
				INFOPLIST_KEY_UISupportedInterfaceOrientations_iPad = "UIInterfaceOrientationPortrait UIInterfaceOrientationPortraitUpsideDown UIInterfaceOrientationLandscapeLeft UIInterfaceOrientationLandscapeRight";
				INFOPLIST_KEY_UISupportedInterfaceOrientations_iPhone = "UIInterfaceOrientationPortrait UIInterfaceOrientationLandscapeLeft UIInterfaceOrientationLandscapeRight";
				LD_RUNPATH_SEARCH_PATHS = (
					"$(inherited)",
					"@executable_path/Frameworks",
				);
				MARKETING_VERSION = 1.0;
				PRODUCT_BUNDLE_IDENTIFIER = vn.tdc.edu.TourGuide;
				PRODUCT_NAME = "$(TARGET_NAME)";
				SWIFT_EMIT_LOC_STRINGS = YES;
				SWIFT_VERSION = 5.0;
				TARGETED_DEVICE_FAMILY = "1,2";
			};
			name = Release;
		};
		DFFCB6E42839E63000B58DEA /* Debug */ = {
			isa = XCBuildConfiguration;
			buildSettings = {
				ALWAYS_EMBED_SWIFT_STANDARD_LIBRARIES = YES;
				BUNDLE_LOADER = "$(TEST_HOST)";
				CODE_SIGN_STYLE = Automatic;
				CURRENT_PROJECT_VERSION = 1;
				GENERATE_INFOPLIST_FILE = YES;
				IPHONEOS_DEPLOYMENT_TARGET = 15.5;
				MARKETING_VERSION = 1.0;
				PRODUCT_BUNDLE_IDENTIFIER = vn.tdc.edu.TourGuideTests;
				PRODUCT_NAME = "$(TARGET_NAME)";
				SWIFT_EMIT_LOC_STRINGS = NO;
				SWIFT_VERSION = 5.0;
				TARGETED_DEVICE_FAMILY = "1,2";
				TEST_HOST = "$(BUILT_PRODUCTS_DIR)/TourGuide.app/TourGuide";
			};
			name = Debug;
		};
		DFFCB6E52839E63000B58DEA /* Release */ = {
			isa = XCBuildConfiguration;
			buildSettings = {
				ALWAYS_EMBED_SWIFT_STANDARD_LIBRARIES = YES;
				BUNDLE_LOADER = "$(TEST_HOST)";
				CODE_SIGN_STYLE = Automatic;
				CURRENT_PROJECT_VERSION = 1;
				GENERATE_INFOPLIST_FILE = YES;
				IPHONEOS_DEPLOYMENT_TARGET = 15.5;
				MARKETING_VERSION = 1.0;
				PRODUCT_BUNDLE_IDENTIFIER = vn.tdc.edu.TourGuideTests;
				PRODUCT_NAME = "$(TARGET_NAME)";
				SWIFT_EMIT_LOC_STRINGS = NO;
				SWIFT_VERSION = 5.0;
				TARGETED_DEVICE_FAMILY = "1,2";
				TEST_HOST = "$(BUILT_PRODUCTS_DIR)/TourGuide.app/TourGuide";
			};
			name = Release;
		};
		DFFCB6E72839E63000B58DEA /* Debug */ = {
			isa = XCBuildConfiguration;
			buildSettings = {
				ALWAYS_EMBED_SWIFT_STANDARD_LIBRARIES = YES;
				CODE_SIGN_STYLE = Automatic;
				CURRENT_PROJECT_VERSION = 1;
				GENERATE_INFOPLIST_FILE = YES;
				MARKETING_VERSION = 1.0;
				PRODUCT_BUNDLE_IDENTIFIER = vn.tdc.edu.TourGuideUITests;
				PRODUCT_NAME = "$(TARGET_NAME)";
				SWIFT_EMIT_LOC_STRINGS = NO;
				SWIFT_VERSION = 5.0;
				TARGETED_DEVICE_FAMILY = "1,2";
				TEST_TARGET_NAME = TourGuide;
			};
			name = Debug;
		};
		DFFCB6E82839E63000B58DEA /* Release */ = {
			isa = XCBuildConfiguration;
			buildSettings = {
				ALWAYS_EMBED_SWIFT_STANDARD_LIBRARIES = YES;
				CODE_SIGN_STYLE = Automatic;
				CURRENT_PROJECT_VERSION = 1;
				GENERATE_INFOPLIST_FILE = YES;
				MARKETING_VERSION = 1.0;
				PRODUCT_BUNDLE_IDENTIFIER = vn.tdc.edu.TourGuideUITests;
				PRODUCT_NAME = "$(TARGET_NAME)";
				SWIFT_EMIT_LOC_STRINGS = NO;
				SWIFT_VERSION = 5.0;
				TARGETED_DEVICE_FAMILY = "1,2";
				TEST_TARGET_NAME = TourGuide;
			};
			name = Release;
		};
/* End XCBuildConfiguration section */

/* Begin XCConfigurationList section */
		DFFCB6B12839E62F00B58DEA /* Build configuration list for PBXProject "TourGuide" */ = {
			isa = XCConfigurationList;
			buildConfigurations = (
				DFFCB6DE2839E63000B58DEA /* Debug */,
				DFFCB6DF2839E63000B58DEA /* Release */,
			);
			defaultConfigurationIsVisible = 0;
			defaultConfigurationName = Release;
		};
		DFFCB6E02839E63000B58DEA /* Build configuration list for PBXNativeTarget "TourGuide" */ = {
			isa = XCConfigurationList;
			buildConfigurations = (
				DFFCB6E12839E63000B58DEA /* Debug */,
				DFFCB6E22839E63000B58DEA /* Release */,
			);
			defaultConfigurationIsVisible = 0;
			defaultConfigurationName = Release;
		};
		DFFCB6E32839E63000B58DEA /* Build configuration list for PBXNativeTarget "TourGuideTests" */ = {
			isa = XCConfigurationList;
			buildConfigurations = (
				DFFCB6E42839E63000B58DEA /* Debug */,
				DFFCB6E52839E63000B58DEA /* Release */,
			);
			defaultConfigurationIsVisible = 0;
			defaultConfigurationName = Release;
		};
		DFFCB6E62839E63000B58DEA /* Build configuration list for PBXNativeTarget "TourGuideUITests" */ = {
			isa = XCConfigurationList;
			buildConfigurations = (
				DFFCB6E72839E63000B58DEA /* Debug */,
				DFFCB6E82839E63000B58DEA /* Release */,
			);
			defaultConfigurationIsVisible = 0;
			defaultConfigurationName = Release;
		};
/* End XCConfigurationList section */
	};
	rootObject = DFFCB6AE2839E62F00B58DEA /* Project object */;
}
